
Microsoft Visual Studio Solution File, Format Version 12.00
# Visual Studio 15
Project("{FAE04EC0-301F-11D3-BF4B-00C04F79EFBC}") = "Assembly-CSharp", "Assembly-CSharp.csproj", "{17BE4088-5BFC-80AF-2D17-91B6003544B8}"
EndProject
Project("{FAE04EC0-301F-11D3-BF4B-00C04F79EFBC}") = "Assembly-CSharp-Editor", "Assembly-CSharp-Editor.csproj", "{725DA788-FFEC-1039-003E-0BC3FF9E3DE1}"
EndProject
Global
	GlobalSection(SolutionConfigurationPlatforms) = preSolution
		Debug|Any CPU = Debug|Any CPU
		Release|Any CPU = Release|Any CPU
	EndGlobalSection
	GlobalSection(ProjectConfigurationPlatforms) = postSolution
		{17BE4088-5BFC-80AF-2D17-91B6003544B8}.Debug|Any CPU.ActiveCfg = Debug|Any CPU
		{17BE4088-5BFC-80AF-2D17-91B6003544B8}.Debug|Any CPU.Build.0 = Debug|Any CPU
		{17BE4088-5BFC-80AF-2D17-91B6003544B8}.Release|Any CPU.ActiveCfg = Release|Any CPU
		{17BE4088-5BFC-80AF-2D17-91B6003544B8}.Release|Any CPU.Build.0 = Release|Any CPU
		{725DA788-FFEC-1039-003E-0BC3FF9E3DE1}.Debug|Any CPU.ActiveCfg = Debug|Any CPU
		{725DA788-FFEC-1039-003E-0BC3FF9E3DE1}.Debug|Any CPU.Build.0 = Debug|Any CPU
		{725DA788-FFEC-1039-003E-0BC3FF9E3DE1}.Release|Any CPU.ActiveCfg = Release|Any CPU
		{725DA788-FFEC-1039-003E-0BC3FF9E3DE1}.Release|Any CPU.Build.0 = Release|Any CPU
	EndGlobalSection
	GlobalSection(SolutionProperties) = preSolution
		HideSolutionNode = FALSE
	EndGlobalSection
EndGlobal
